{
  "name": "codespaces-blank",
  "lockfileVersion": 3,
  "requires": true,
  "packages": {
    "": {
      "dependencies": {
        "ask-sdk-core": "^2.14.0"
      }
    },
    "node_modules/ask-sdk-core": {
      "version": "2.14.0",
      "resolved": "https://registry.npmjs.org/ask-sdk-core/-/ask-sdk-core-2.14.0.tgz",
      "integrity": "sha512-G2yEKbY+XYTFzJXGRpsg7xJHqqgBcgnKEgklXUMRWRFv10gwHgtWDLLlBV6h4IdysTx782rCVJK/UcHcaGbEpA==",
      "dependencies": {
        "ask-sdk-runtime": "^2.14.0"
      },
      "peerDependencies": {
        "ask-sdk-model": "^1.29.0"
      }
    },
    "node_modules/ask-sdk-model": {
      "version": "1.71.0",
      "resolved": "https://registry.npmjs.org/ask-sdk-model/-/ask-sdk-model-1.71.0.tgz",
      "integrity": "sha512-20XlQ2mul4tYvcp+MPf7ON84EErJjPN1VhUUUup3Ei6yQEKWfvB861Jv8mFFmXjRXwS7hhUReaDZcYB2XA6yJw==",
      "peer": true
    },
    "node_modules/ask-sdk-runtime": {
      "version": "2.14.0",
      "resolved": "https://registry.npmjs.org/ask-sdk-runtime/-/ask-sdk-runtime-2.14.0.tgz",
      "integrity": "sha512-a96pPs1RU3GgXBHplqAVqh2uxEuSYjTD5+XSbHsf6Fz4KhHpgaxJogOIIybjA6O/d1B9sG+6bjHJGzxBJEcccA=="
    }
  }
}
